
Microsoft Visual Studio Solution File, Format Version 12.00
# Visual Studio Version 17
VisualStudioVersion = 17.2.32616.157
MinimumVisualStudioVersion = 10.0.40219.1
Project("{8BC9CEB8-8B4A-11D0-8D11-00A0C91BC942}") = "Project3", "Project3\Project3.vcxproj", "{0DC84C3B-EDF0-4C50-9189-5014D16418FF}"
EndProject
Project("{8BC9CEB8-8B4A-11D0-8D11-00A0C91BC942}") = "9_求圆的面积多文件", "9_求圆的面积多文件\9_求圆的面积多文件.vcxproj", "{8FD9FB64-C1D1-478C-B1F3-D09894BEE4CD}"
EndProject
Project("{8BC9CEB8-8B4A-11D0-8D11-00A0C91BC942}") = "6_拷贝构造函数的应用", "6_拷贝构造函数的应用\6_拷贝构造函数的应用.vcxproj", "{552989AC-9367-4461-951A-32CDBF8D2772}"
EndProject
Global
	GlobalSection(SolutionConfigurationPlatforms) = preSolution
		Debug|x64 = Debug|x64
		Debug|x86 = Debug|x86
		Release|x64 = Release|x64
		Release|x86 = Release|x86
	EndGlobalSection
	GlobalSection(ProjectConfigurationPlatforms) = postSolution
		{0DC84C3B-EDF0-4C50-9189-5014D16418FF}.Debug|x64.ActiveCfg = Debug|x64
		{0DC84C3B-EDF0-4C50-9189-5014D16418FF}.Debug|x64.Build.0 = Debug|x64
		{0DC84C3B-EDF0-4C50-9189-5014D16418FF}.Debug|x86.ActiveCfg = Debug|Win32
		{0DC84C3B-EDF0-4C50-9189-5014D16418FF}.Debug|x86.Build.0 = Debug|Win32
		{0DC84C3B-EDF0-4C50-9189-5014D16418FF}.Release|x64.ActiveCfg = Release|x64
		{0DC84C3B-EDF0-4C50-9189-5014D16418FF}.Release|x64.Build.0 = Release|x64
		{0DC84C3B-EDF0-4C50-9189-5014D16418FF}.Release|x86.ActiveCfg = Release|Win32
		{0DC84C3B-EDF0-4C50-9189-5014D16418FF}.Release|x86.Build.0 = Release|Win32
		{8FD9FB64-C1D1-478C-B1F3-D09894BEE4CD}.Debug|x64.ActiveCfg = Debug|x64
		{8FD9FB64-C1D1-478C-B1F3-D09894BEE4CD}.Debug|x64.Build.0 = Debug|x64
		{8FD9FB64-C1D1-478C-B1F3-D09894BEE4CD}.Debug|x86.ActiveCfg = Debug|Win32
		{8FD9FB64-C1D1-478C-B1F3-D09894BEE4CD}.Debug|x86.Build.0 = Debug|Win32
		{8FD9FB64-C1D1-478C-B1F3-D09894BEE4CD}.Release|x64.ActiveCfg = Release|x64
		{8FD9FB64-C1D1-478C-B1F3-D09894BEE4CD}.Release|x64.Build.0 = Release|x64
		{8FD9FB64-C1D1-478C-B1F3-D09894BEE4CD}.Release|x86.ActiveCfg = Release|Win32
		{8FD9FB64-C1D1-478C-B1F3-D09894BEE4CD}.Release|x86.Build.0 = Release|Win32
		{552989AC-9367-4461-951A-32CDBF8D2772}.Debug|x64.ActiveCfg = Debug|x64
		{552989AC-9367-4461-951A-32CDBF8D2772}.Debug|x64.Build.0 = Debug|x64
		{552989AC-9367-4461-951A-32CDBF8D2772}.Debug|x86.ActiveCfg = Debug|Win32
		{552989AC-9367-4461-951A-32CDBF8D2772}.Debug|x86.Build.0 = Debug|Win32
		{552989AC-9367-4461-951A-32CDBF8D2772}.Release|x64.ActiveCfg = Release|x64
		{552989AC-9367-4461-951A-32CDBF8D2772}.Release|x64.Build.0 = Release|x64
		{552989AC-9367-4461-951A-32CDBF8D2772}.Release|x86.ActiveCfg = Release|Win32
		{552989AC-9367-4461-951A-32CDBF8D2772}.Release|x86.Build.0 = Release|Win32
	EndGlobalSection
	GlobalSection(SolutionProperties) = preSolution
		HideSolutionNode = FALSE
	EndGlobalSection
	GlobalSection(ExtensibilityGlobals) = postSolution
		SolutionGuid = {7EE400A7-7188-4BAF-A492-AD47E9FE3EEA}
	EndGlobalSection
EndGlobal
